<?xml version="1.0"?>
<CONFIG>
  <ProjectOptions>
    <PathDelim Value="\"/>
    <Version Value="7"/>
    <General>
      <MainUnit Value="0"/>
      <TargetFileExt Value=".exe"/>
      <Icon Value="0"/>
      <UseXPManifest Value="True"/>
      <ActiveEditorIndexAtStart Value="2"/>
    </General>
    <VersionInfo>
      <UseVersionInfo Value="True"/>
      <CurrentMajorRevNr Value="8"/>
      <ProjectVersion Value="0.8.0.0"/>
    </VersionInfo>
    <PublishOptions>
      <Version Value="2"/>
      <IgnoreBinaries Value="False"/>
      <IncludeFileFilter Value="*.(pas|pp|inc|lfm|lpr|lrs|lpi|lpk|sh|xml)"/>
      <ExcludeFileFilter Value="*.(bak|ppu|ppw|o|so);*~;backup"/>
    </PublishOptions>
    <RunParams>
      <local>
        <FormatVersion Value="1"/>
        <CommandLineParams Value="-root conf -launch -minimize -notrayicon"/>
        <LaunchingApplication PathPlusParams="/usr/X11R6/bin/xterm -T 'Lazarus Run Output' -e $(LazarusDir)/tools/runwait.sh $(TargetCmdLine)"/>
      </local>
    </RunParams>
    <RequiredPackages Count="1">
      <Item1>
        <PackageName Value="LCL"/>
      </Item1>
    </RequiredPackages>
    <Units Count="73">
      <Unit0>
        <Filename Value="gui.lpr"/>
        <IsPartOfProject Value="True"/>
        <UnitName Value="gui"/>
        <CursorPos X="1" Y="15"/>
        <TopLine Value="1"/>
        <UsageCount Value="82"/>
      </Unit0>
      <Unit1>
        <Filename Value="maingui.pas"/>
        <IsPartOfProject Value="True"/>
        <ComponentName Value="FormMain"/>
        <ResourceBaseClass Value="Form"/>
        <UnitName Value="maingui"/>
        <CursorPos X="67" Y="718"/>
        <TopLine Value="699"/>
        <EditorIndex Value="0"/>
        <UsageCount Value="82"/>
        <Loaded Value="True"/>
      </Unit1>
      <Unit2>
        <Filename Value="..\lib\ftp\ftpconst.pas"/>
        <UnitName Value="ftpconst"/>
        <CursorPos X="45" Y="218"/>
        <TopLine Value="183"/>
        <UsageCount Value="33"/>
      </Unit2>
      <Unit3>
        <Filename Value="..\lib\ftp\ftpmain.pas"/>
        <UnitName Value="ftpmain"/>
        <CursorPos X="56" Y="230"/>
        <TopLine Value="204"/>
        <UsageCount Value="34"/>
      </Unit3>
      <Unit4>
        <Filename Value="..\lib\ftp\ftpmessages.pas"/>
        <UnitName Value="ftpmessages"/>
        <CursorPos X="22" Y="113"/>
        <TopLine Value="79"/>
        <EditorIndex Value="5"/>
        <UsageCount Value="30"/>
        <Loaded Value="True"/>
      </Unit4>
      <Unit5>
        <Filename Value="..\..\SimpleWebScript-0.1.2\doublestrings.pas"/>
        <UnitName Value="DoubleStrings"/>
        <CursorPos X="31" Y="91"/>
        <TopLine Value="73"/>
        <UsageCount Value="10"/>
      </Unit5>
      <Unit6>
        <Filename Value="C:\travail\lazarus\lcl\include\customform.inc"/>
        <CursorPos X="36" Y="711"/>
        <TopLine Value="695"/>
        <UsageCount Value="12"/>
      </Unit6>
      <Unit7>
        <Filename Value="commandline.pas"/>
        <IsPartOfProject Value="True"/>
        <ComponentName Value="CommandLineForm"/>
        <ResourceBaseClass Value="Form"/>
        <UnitName Value="commandline"/>
        <CursorPos X="24" Y="7"/>
        <TopLine Value="1"/>
        <UsageCount Value="82"/>
      </Unit7>
      <Unit8>
        <Filename Value="C:\travail\lazarus\lcl\include\control.inc"/>
        <CursorPos X="1" Y="2644"/>
        <TopLine Value="2625"/>
        <UsageCount Value="10"/>
      </Unit8>
      <Unit9>
        <Filename Value="aboutform.pas"/>
        <IsPartOfProject Value="True"/>
        <ComponentName Value="AboutForm2"/>
        <ResourceBaseClass Value="Form"/>
        <UnitName Value="aboutform"/>
        <CursorPos X="61" Y="78"/>
        <TopLine Value="46"/>
        <UsageCount Value="80"/>
      </Unit9>
      <Unit10>
        <Filename Value=""/>
        <UsageCount Value="10"/>
        <SyntaxHighlighter Value="None"/>
      </Unit10>
      <Unit11>
        <Filename Value="..\..\..\lazarus_32\lcl\forms.pp"/>
        <UnitName Value="Forms"/>
        <CursorPos X="70" Y="985"/>
        <TopLine Value="963"/>
        <UsageCount Value="10"/>
      </Unit11>
      <Unit12>
        <Filename Value="C:\travail\lazarus\lcl\forms.pp"/>
        <UnitName Value="Forms"/>
        <CursorPos X="17" Y="637"/>
        <TopLine Value="618"/>
        <UsageCount Value="10"/>
      </Unit12>
      <Unit13>
        <Filename Value="C:\travail\lazarus\lcl\interfaces\win32\win32object.inc"/>
        <CursorPos X="1" Y="590"/>
        <TopLine Value="571"/>
        <UsageCount Value="10"/>
      </Unit13>
      <Unit14>
        <Filename Value="..\lib\ftp\ftptypes.pas"/>
        <UnitName Value="ftptypes"/>
        <CursorPos X="5" Y="167"/>
        <TopLine Value="148"/>
        <UsageCount Value="30"/>
      </Unit14>
      <Unit15>
        <Filename Value="..\lib\ftp\ftpclient.pas"/>
        <UnitName Value="ftpclient"/>
        <CursorPos X="13" Y="1396"/>
        <TopLine Value="1375"/>
        <EditorIndex Value="1"/>
        <UsageCount Value="33"/>
        <Loaded Value="True"/>
      </Unit15>
      <Unit16>
        <Filename Value="..\..\..\lazarus_32\fpc\2.2.4\source\rtl\win\messages.pp"/>
        <UnitName Value="messages"/>
        <CursorPos X="9" Y="11"/>
        <TopLine Value="1"/>
        <UsageCount Value="10"/>
      </Unit16>
      <Unit17>
        <Filename Value="..\..\..\lazarus_32\fpc\2.2.4\source\rtl\win\wininc\messages.inc"/>
        <CursorPos X="1" Y="1838"/>
        <TopLine Value="1794"/>
        <UsageCount Value="10"/>
      </Unit17>
      <Unit18>
        <Filename Value="..\lib\ftp\ftpfunctions.pas"/>
        <UnitName Value="ftpfunctions"/>
        <CursorPos X="28" Y="195"/>
        <TopLine Value="180"/>
        <EditorIndex Value="8"/>
        <UsageCount Value="31"/>
        <Loaded Value="True"/>
      </Unit18>
      <Unit19>
        <Filename Value="..\lib\ftp\ftppwdcmd.inc"/>
        <CursorPos X="58" Y="11"/>
        <TopLine Value="1"/>
        <UsageCount Value="10"/>
      </Unit19>
      <Unit20>
        <Filename Value="..\lib\ftp\ftpfeatcmd.inc"/>
        <CursorPos X="5" Y="21"/>
        <TopLine Value="1"/>
        <EditorIndex Value="6"/>
        <UsageCount Value="11"/>
        <Loaded Value="True"/>
      </Unit20>
      <Unit21>
        <Filename Value="..\lib\ftp\ftpcwdcmd.inc"/>
        <CursorPos X="32" Y="76"/>
        <TopLine Value="39"/>
        <UsageCount Value="16"/>
      </Unit21>
      <Unit22>
        <Filename Value="C:\travail\lazarus\lcl\fileutil.pas"/>
        <UnitName Value="FileUtil"/>
        <CursorPos X="10" Y="237"/>
        <TopLine Value="209"/>
        <UsageCount Value="10"/>
      </Unit22>
      <Unit23>
        <Filename Value="..\lib\ftp\ftputf8cmd.inc"/>
        <CursorPos X="1" Y="1"/>
        <TopLine Value="1"/>
        <UsageCount Value="10"/>
      </Unit23>
      <Unit24>
        <Filename Value="C:\travail\lazarus\lcl\include\fileutil.inc"/>
        <CursorPos X="3" Y="144"/>
        <TopLine Value="125"/>
        <UsageCount Value="10"/>
      </Unit24>
      <Unit25>
        <Filename Value="..\lib\synapse\synacode.pas"/>
        <UnitName Value="synacode"/>
        <CursorPos X="10" Y="196"/>
        <TopLine Value="177"/>
        <UsageCount Value="10"/>
      </Unit25>
      <Unit26>
        <Filename Value="..\lib\ftp\ftpportcmd.inc"/>
        <CursorPos X="33" Y="28"/>
        <TopLine Value="12"/>
        <UsageCount Value="10"/>
      </Unit26>
      <Unit27>
        <Filename Value="..\lib\synapse\blcksock.pas"/>
        <UnitName Value="blcksock"/>
        <CursorPos X="35" Y="1777"/>
        <TopLine Value="1755"/>
        <UsageCount Value="10"/>
      </Unit27>
      <Unit28>
        <Filename Value="..\lib\ftp\ftpversion.pas"/>
        <UnitName Value="ftpversion"/>
        <CursorPos X="33" Y="18"/>
        <TopLine Value="1"/>
        <UsageCount Value="11"/>
      </Unit28>
      <Unit29>
        <Filename Value="C:\travail\lazarus\fpc\2.2.4\source\rtl\objpas\sysutils\sysutilh.inc"/>
        <CursorPos X="23" Y="234"/>
        <TopLine Value="228"/>
        <UsageCount Value="10"/>
      </Unit29>
      <Unit30>
        <Filename Value="mainconfig.pas"/>
        <IsPartOfProject Value="True"/>
        <ComponentName Value="MainConfigForm"/>
        <ResourceBaseClass Value="Form"/>
        <UnitName Value="mainconfig"/>
        <CursorPos X="50" Y="268"/>
        <TopLine Value="236"/>
        <UsageCount Value="68"/>
      </Unit30>
      <Unit31>
        <Filename Value="..\lib\synapse\sswin32.pas"/>
        <UnitName Value="sswin32"/>
        <CursorPos X="49" Y="593"/>
        <TopLine Value="576"/>
        <UsageCount Value="10"/>
      </Unit31>
      <Unit32>
        <Filename Value="C:\travail\lazarus\lcl\stdctrls.pp"/>
        <UnitName Value="StdCtrls"/>
        <CursorPos X="14" Y="905"/>
        <TopLine Value="886"/>
        <UsageCount Value="10"/>
      </Unit32>
      <Unit33>
        <Filename Value="C:\travail\lazarus\lcl\spin.pp"/>
        <UnitName Value="Spin"/>
        <CursorPos X="3" Y="126"/>
        <TopLine Value="107"/>
        <UsageCount Value="10"/>
      </Unit33>
      <Unit34>
        <Filename Value="C:\travail\lazarus\fpc\2.2.4\source\rtl\objpas\objpas.pp"/>
        <UnitName Value="objpas"/>
        <CursorPos X="22" Y="28"/>
        <TopLine Value="18"/>
        <UsageCount Value="11"/>
      </Unit34>
      <Unit35>
        <Filename Value="user.pas"/>
        <IsPartOfProject Value="True"/>
        <ComponentName Value="UserForm"/>
        <ResourceBaseClass Value="Form"/>
        <UnitName Value="user"/>
        <CursorPos X="9" Y="167"/>
        <TopLine Value="147"/>
        <EditorIndex Value="7"/>
        <UsageCount Value="62"/>
        <Loaded Value="True"/>
      </Unit35>
      <Unit36>
        <Filename Value="..\lib\ftp\ftplistcmd.inc"/>
        <CursorPos X="1" Y="22"/>
        <TopLine Value="2"/>
        <EditorIndex Value="3"/>
        <UsageCount Value="15"/>
        <Loaded Value="True"/>
      </Unit36>
      <Unit37>
        <Filename Value="..\lib\ftp\ftplistdirectory.inc"/>
        <CursorPos X="13" Y="296"/>
        <TopLine Value="273"/>
        <UsageCount Value="16"/>
      </Unit37>
      <Unit38>
        <Filename Value="C:\travail\lazarus\lcl\lcltype.pp"/>
        <UnitName Value="LCLType"/>
        <CursorPos X="13" Y="37"/>
        <TopLine Value="1"/>
        <UsageCount Value="10"/>
      </Unit38>
      <Unit39>
        <Filename Value="..\lib\ftp\ftpretrcmd.inc"/>
        <CursorPos X="67" Y="176"/>
        <TopLine Value="151"/>
        <UsageCount Value="18"/>
      </Unit39>
      <Unit40>
        <Filename Value="C:\travail\lazarus\fpc\2.2.4\source\rtl\inc\systemh.inc"/>
        <CursorPos X="8" Y="252"/>
        <TopLine Value="107"/>
        <UsageCount Value="10"/>
      </Unit40>
      <Unit41>
        <Filename Value="..\lib\ftp\ftprestcmd.inc"/>
        <CursorPos X="34" Y="17"/>
        <TopLine Value="1"/>
        <UsageCount Value="10"/>
      </Unit41>
      <Unit42>
        <Filename Value="..\lib\ftp\ftpfilelist.pas"/>
        <UnitName Value="FtpFileList"/>
        <CursorPos X="14" Y="28"/>
        <TopLine Value="9"/>
        <UsageCount Value="19"/>
      </Unit42>
      <Unit43>
        <Filename Value="..\..\..\lazarus_32\fpc\2.2.4\source\rtl\objpas\classes\classesh.inc"/>
        <CursorPos X="45" Y="720"/>
        <TopLine Value="702"/>
        <UsageCount Value="10"/>
      </Unit43>
      <Unit44>
        <Filename Value="..\lib\ftp\ftppasvcmd.inc"/>
        <CursorPos X="1" Y="1"/>
        <TopLine Value="21"/>
        <UsageCount Value="11"/>
      </Unit44>
      <Unit45>
        <Filename Value="C:\travail\lazarus\fpc\2.2.4\source\packages\fcl-base\src\contnrs.pp"/>
        <UnitName Value="contnrs"/>
        <CursorPos X="19" Y="253"/>
        <TopLine Value="218"/>
        <UsageCount Value="14"/>
      </Unit45>
      <Unit46>
        <Filename Value="..\lib\ftp\ftpconfig.inc"/>
        <CursorPos X="27" Y="14"/>
        <TopLine Value="1"/>
        <UsageCount Value="10"/>
      </Unit46>
      <Unit47>
        <Filename Value="..\lib\ftp\ftpstorcmd.inc"/>
        <CursorPos X="48" Y="209"/>
        <TopLine Value="184"/>
        <UsageCount Value="14"/>
      </Unit47>
      <Unit48>
        <Filename Value="C:\travail\lazarus\fpc\2.2.4\source\rtl\win32\system.pp"/>
        <UnitName Value="System"/>
        <CursorPos X="2" Y="35"/>
        <TopLine Value="49"/>
        <UsageCount Value="10"/>
      </Unit48>
      <Unit49>
        <Filename Value="..\..\lazarus\fpc\2.2.4\source\rtl\win32\classes.pp"/>
        <UnitName Value="Classes"/>
        <CursorPos X="1" Y="1"/>
        <TopLine Value="1"/>
        <UsageCount Value="10"/>
      </Unit49>
      <Unit50>
        <Filename Value="..\lib\ftp\ftprnfrcmd.inc"/>
        <CursorPos X="9" Y="37"/>
        <TopLine Value="13"/>
        <UsageCount Value="11"/>
      </Unit50>
      <Unit51>
        <Filename Value="..\lib\ftp\ftprntocmd.inc"/>
        <CursorPos X="67" Y="51"/>
        <TopLine Value="25"/>
        <UsageCount Value="11"/>
      </Unit51>
      <Unit52>
        <Filename Value="..\lib\ftp\ftpdelecmd.inc"/>
        <CursorPos X="35" Y="36"/>
        <TopLine Value="13"/>
        <UsageCount Value="10"/>
      </Unit52>
      <Unit53>
        <Filename Value="..\..\lazarus\lcl\fileutil.pas"/>
        <UnitName Value="FileUtil"/>
        <CursorPos X="10" Y="206"/>
        <TopLine Value="187"/>
        <UsageCount Value="10"/>
      </Unit53>
      <Unit54>
        <Filename Value="..\..\lazarus\lcl\include\fileutil.inc"/>
        <CursorPos X="24" Y="196"/>
        <TopLine Value="177"/>
        <UsageCount Value="10"/>
      </Unit54>
      <Unit55>
        <Filename Value="..\..\lazarus\fpc\2.2.4\source\rtl\objpas\sysutils\filutilh.inc"/>
        <CursorPos X="1" Y="1"/>
        <TopLine Value="46"/>
        <UsageCount Value="10"/>
      </Unit55>
      <Unit56>
        <Filename Value="..\lib\ftp\ftpmkdcmd.inc"/>
        <CursorPos X="67" Y="37"/>
        <TopLine Value="10"/>
        <UsageCount Value="10"/>
      </Unit56>
      <Unit57>
        <Filename Value="..\..\lazarus\fpc\2.2.4\source\rtl\objpas\sysutils\diskh.inc"/>
        <CursorPos X="10" Y="21"/>
        <TopLine Value="1"/>
        <UsageCount Value="10"/>
      </Unit57>
      <Unit58>
        <Filename Value="..\..\lazarus\fpc\2.2.4\source\rtl\objpas\sysutils\finah.inc"/>
        <CursorPos X="10" Y="28"/>
        <TopLine Value="5"/>
        <UsageCount Value="11"/>
      </Unit58>
      <Unit59>
        <Filename Value="..\lib\ftp\ftprmdcmd.inc"/>
        <CursorPos X="44" Y="157"/>
        <TopLine Value="130"/>
        <UsageCount Value="11"/>
      </Unit59>
      <Unit60>
        <Filename Value="..\lib\ftp\ftpsizecmd.inc"/>
        <CursorPos X="1" Y="10"/>
        <TopLine Value="7"/>
        <UsageCount Value="11"/>
      </Unit60>
      <Unit61>
        <Filename Value="..\..\lazarus\lcl\include\wincontrol.inc"/>
        <CursorPos X="1" Y="6638"/>
        <TopLine Value="6619"/>
        <UsageCount Value="10"/>
      </Unit61>
      <Unit62>
        <Filename Value="..\..\lazarus\fpc\2.2.4\source\rtl\inc\objpash.inc"/>
        <CursorPos X="26" Y="169"/>
        <TopLine Value="150"/>
        <UsageCount Value="10"/>
      </Unit62>
      <Unit63>
        <Filename Value="..\..\lazarus\lcl\forms.pp"/>
        <UnitName Value="Forms"/>
        <CursorPos X="1" Y="58"/>
        <TopLine Value="91"/>
        <UsageCount Value="10"/>
      </Unit63>
      <Unit64>
        <Filename Value="..\..\lazarus\lcl\include\controlscrollbar.inc"/>
        <CursorPos X="19" Y="412"/>
        <TopLine Value="428"/>
        <UsageCount Value="10"/>
      </Unit64>
      <Unit65>
        <Filename Value="..\..\lazarus\fpc\2.2.4\source\rtl\objpas\classes\classesh.inc"/>
        <CursorPos X="17" Y="788"/>
        <TopLine Value="769"/>
        <UsageCount Value="10"/>
      </Unit65>
      <Unit66>
        <Filename Value="..\..\lazarus\fpc\2.2.4\source\packages\fcl-base\src\custapp.pp"/>
        <UnitName Value="CustApp"/>
        <CursorPos X="23" Y="104"/>
        <TopLine Value="83"/>
        <UsageCount Value="10"/>
      </Unit66>
      <Unit67>
        <Filename Value="..\..\lazarus\fpc\2.2.4\source\rtl\objpas\sysutils\osutilsh.inc"/>
        <CursorPos X="10" Y="23"/>
        <TopLine Value="23"/>
        <UsageCount Value="10"/>
      </Unit67>
      <Unit68>
        <Filename Value="..\lib\ftp\ftpclntcmd.inc"/>
        <CursorPos X="50" Y="16"/>
        <TopLine Value="1"/>
        <UsageCount Value="10"/>
      </Unit68>
      <Unit69>
        <Filename Value="..\lib\ftp\ftpmdtmcmd.inc"/>
        <CursorPos X="1" Y="13"/>
        <TopLine Value="1"/>
        <EditorIndex Value="4"/>
        <UsageCount Value="11"/>
        <Loaded Value="True"/>
      </Unit69>
      <Unit70>
        <Filename Value="..\..\lazarus\fpc\2.2.4\source\rtl\objpas\sysutils\datih.inc"/>
        <CursorPos X="23" Y="129"/>
        <TopLine Value="103"/>
        <UsageCount Value="10"/>
      </Unit70>
      <Unit71>
        <Filename Value="..\lib\ftp\ftpmfmtcmd.inc"/>
        <CursorPos X="13" Y="85"/>
        <TopLine Value="49"/>
        <EditorIndex Value="2"/>
        <UsageCount Value="10"/>
        <Loaded Value="True"/>
      </Unit71>
      <Unit72>
        <Filename Value="..\..\lazarus\fpc\2.2.4\source\rtl\objpas\sysutils\sysinth.inc"/>
        <CursorPos X="18" Y="63"/>
        <TopLine Value="44"/>
        <UsageCount Value="10"/>
      </Unit72>
    </Units>
    <JumpHistory Count="28" HistoryIndex="27">
      <Position1>
        <Filename Value="..\lib\ftp\ftpmfmtcmd.inc"/>
        <Caret Line="26" Column="1" TopLine="7"/>
      </Position1>
      <Position2>
        <Filename Value="..\lib\ftp\ftpmfmtcmd.inc"/>
        <Caret Line="28" Column="1" TopLine="9"/>
      </Position2>
      <Position3>
        <Filename Value="..\lib\ftp\ftpmfmtcmd.inc"/>
        <Caret Line="23" Column="22" TopLine="6"/>
      </Position3>
      <Position4>
        <Filename Value="..\lib\ftp\ftpmfmtcmd.inc"/>
        <Caret Line="26" Column="1" TopLine="7"/>
      </Position4>
      <Position5>
        <Filename Value="..\lib\ftp\ftpmfmtcmd.inc"/>
        <Caret Line="53" Column="63" TopLine="26"/>
      </Position5>
      <Position6>
        <Filename Value="..\lib\ftp\ftpmfmtcmd.inc"/>
        <Caret Line="50" Column="20" TopLine="20"/>
      </Position6>
      <Position7>
        <Filename Value="..\lib\ftp\ftpmfmtcmd.inc"/>
        <Caret Line="39" Column="37" TopLine="13"/>
      </Position7>
      <Position8>
        <Filename Value="..\lib\ftp\ftpmfmtcmd.inc"/>
        <Caret Line="34" Column="1" TopLine="15"/>
      </Position8>
      <Position9>
        <Filename Value="..\lib\ftp\ftpmfmtcmd.inc"/>
        <Caret Line="37" Column="1" TopLine="18"/>
      </Position9>
      <Position10>
        <Filename Value="..\lib\ftp\ftpmfmtcmd.inc"/>
        <Caret Line="32" Column="1" TopLine="13"/>
      </Position10>
      <Position11>
        <Filename Value="..\lib\ftp\ftpmfmtcmd.inc"/>
        <Caret Line="34" Column="1" TopLine="15"/>
      </Position11>
      <Position12>
        <Filename Value="..\lib\ftp\ftpmfmtcmd.inc"/>
        <Caret Line="35" Column="1" TopLine="16"/>
      </Position12>
      <Position13>
        <Filename Value="..\lib\ftp\ftpmfmtcmd.inc"/>
        <Caret Line="40" Column="1" TopLine="21"/>
      </Position13>
      <Position14>
        <Filename Value="..\lib\ftp\ftpmfmtcmd.inc"/>
        <Caret Line="41" Column="1" TopLine="22"/>
      </Position14>
      <Position15>
        <Filename Value="..\lib\ftp\ftpmfmtcmd.inc"/>
        <Caret Line="42" Column="1" TopLine="23"/>
      </Position15>
      <Position16>
        <Filename Value="..\lib\ftp\ftpmfmtcmd.inc"/>
        <Caret Line="43" Column="1" TopLine="24"/>
      </Position16>
      <Position17>
        <Filename Value="..\lib\ftp\ftpmfmtcmd.inc"/>
        <Caret Line="45" Column="1" TopLine="26"/>
      </Position17>
      <Position18>
        <Filename Value="..\lib\ftp\ftpmfmtcmd.inc"/>
        <Caret Line="46" Column="1" TopLine="27"/>
      </Position18>
      <Position19>
        <Filename Value="..\lib\ftp\ftpmfmtcmd.inc"/>
        <Caret Line="47" Column="1" TopLine="28"/>
      </Position19>
      <Position20>
        <Filename Value="..\lib\ftp\ftpmfmtcmd.inc"/>
        <Caret Line="48" Column="1" TopLine="29"/>
      </Position20>
      <Position21>
        <Filename Value="..\lib\ftp\ftpmfmtcmd.inc"/>
        <Caret Line="49" Column="1" TopLine="30"/>
      </Position21>
      <Position22>
        <Filename Value="..\lib\ftp\ftpmfmtcmd.inc"/>
        <Caret Line="50" Column="1" TopLine="31"/>
      </Position22>
      <Position23>
        <Filename Value="..\lib\ftp\ftpmfmtcmd.inc"/>
        <Caret Line="52" Column="36" TopLine="34"/>
      </Position23>
      <Position24>
        <Filename Value="..\lib\ftp\ftpmfmtcmd.inc"/>
        <Caret Line="45" Column="20" TopLine="34"/>
      </Position24>
      <Position25>
        <Filename Value="..\lib\ftp\ftpmfmtcmd.inc"/>
        <Caret Line="46" Column="19" TopLine="22"/>
      </Position25>
      <Position26>
        <Filename Value="..\lib\ftp\ftpmfmtcmd.inc"/>
        <Caret Line="55" Column="29" TopLine="25"/>
      </Position26>
      <Position27>
        <Filename Value="..\lib\ftp\ftpmfmtcmd.inc"/>
        <Caret Line="46" Column="22" TopLine="25"/>
      </Position27>
      <Position28>
        <Filename Value="..\lib\ftp\ftpmfmtcmd.inc"/>
        <Caret Line="52" Column="63" TopLine="31"/>
      </Position28>
    </JumpHistory>
  </ProjectOptions>
  <CompilerOptions>
    <Version Value="8"/>
    <PathDelim Value="\"/>
    <SearchPaths>
      <IncludeFiles Value="$(ProjOutDir)\"/>
      <OtherUnitFiles Value="..\lib\ftp\;..\lib\synapse\"/>
    </SearchPaths>
    <Parsing>
      <SyntaxOptions>
        <CStyleOperator Value="False"/>
        <AllowLabel Value="False"/>
        <CPPInline Value="False"/>
      </SyntaxOptions>
    </Parsing>
    <CodeGeneration>
      <SmartLinkUnit Value="True"/>
      <Optimizations>
        <OptimizationLevel Value="0"/>
      </Optimizations>
    </CodeGeneration>
    <Linking>
      <LinkSmart Value="True"/>
      <Options>
        <Win32>
          <GraphicApplication Value="True"/>
        </Win32>
      </Options>
    </Linking>
    <Other>
      <ConfigFile>
        <CustomConfigFile Value="True"/>
      </ConfigFile>
      <CompilerPath Value="$(CompPath)"/>
    </Other>
  </CompilerOptions>
  <Debugging>
    <Exceptions Count="3">
      <Item1>
        <Name Value="EAbort"/>
      </Item1>
      <Item2>
        <Name Value="ECodetoolError"/>
      </Item2>
      <Item3>
        <Name Value="EFOpenError"/>
      </Item3>
    </Exceptions>
  </Debugging>
</CONFIG>
