<?xml version="1.0"?>
<CONFIG>
  <ProjectOptions>
    <PathDelim Value="\"/>
    <Version Value="7"/>
    <General>
      <Flags>
        <MainUnitHasCreateFormStatements Value="False"/>
        <MainUnitHasTitleStatement Value="False"/>
      </Flags>
      <MainUnit Value="0"/>
      <TargetFileExt Value=".exe"/>
      <UseXPManifest Value="True"/>
      <ActiveEditorIndexAtStart Value="2"/>
    </General>
    <VersionInfo>
      <ProjectVersion Value=""/>
    </VersionInfo>
    <PublishOptions>
      <Version Value="2"/>
      <IgnoreBinaries Value="False"/>
      <IncludeFileFilter Value="*.(pas|pp|inc|lfm|lpr|lrs|lpi|lpk|sh|xml)"/>
      <ExcludeFileFilter Value="*.(bak|ppu|ppw|o|so);*~;backup"/>
    </PublishOptions>
    <RunParams>
      <local>
        <FormatVersion Value="1"/>
        <CommandLineParams Value="-root conf"/>
        <LaunchingApplication PathPlusParams="/usr/X11R6/bin/xterm -T 'Lazarus Run Output' -e $(LazarusDir)/tools/runwait.sh $(TargetCmdLine)"/>
      </local>
    </RunParams>
    <RequiredPackages Count="1">
      <Item1>
        <PackageName Value="LCL"/>
      </Item1>
    </RequiredPackages>
    <Units Count="44">
      <Unit0>
        <Filename Value="ftpserver.lpr"/>
        <IsPartOfProject Value="True"/>
        <UnitName Value="ftpserver"/>
        <CursorPos X="69" Y="422"/>
        <TopLine Value="397"/>
        <EditorIndex Value="0"/>
        <UsageCount Value="96"/>
        <Loaded Value="True"/>
      </Unit0>
      <Unit1>
        <Filename Value="..\lib\ftp\ftpmain.pas"/>
        <UnitName Value="ftpmain"/>
        <CursorPos X="35" Y="611"/>
        <TopLine Value="599"/>
        <EditorIndex Value="1"/>
        <UsageCount Value="46"/>
        <Loaded Value="True"/>
      </Unit1>
      <Unit2>
        <Filename Value="C:\travail\lazarus\fpc\2.2.4\source\rtl\objpas\objpas.pp"/>
        <UnitName Value="objpas"/>
        <CursorPos X="7" Y="178"/>
        <TopLine Value="166"/>
        <UsageCount Value="9"/>
      </Unit2>
      <Unit3>
        <Filename Value="C:\travail\lazarus\fpc\2.2.4\source\rtl\win32\system.pp"/>
        <UnitName Value="System"/>
        <CursorPos X="2" Y="37"/>
        <TopLine Value="21"/>
        <UsageCount Value="10"/>
      </Unit3>
      <Unit4>
        <Filename Value="C:\travail\lazarus\lcl\fileutil.pas"/>
        <UnitName Value="FileUtil"/>
        <CursorPos X="10" Y="45"/>
        <TopLine Value="26"/>
        <UsageCount Value="10"/>
      </Unit4>
      <Unit5>
        <Filename Value="C:\travail\lazarus\lcl\include\fileutil.inc"/>
        <CursorPos X="1" Y="237"/>
        <TopLine Value="218"/>
        <UsageCount Value="9"/>
      </Unit5>
      <Unit6>
        <Filename Value="C:\travail\lazarus\fpc\2.2.4\source\rtl\objpas\sysutils\datih.inc"/>
        <CursorPos X="1" Y="114"/>
        <TopLine Value="93"/>
        <UsageCount Value="11"/>
      </Unit6>
      <Unit7>
        <Filename Value="..\lib\ftp\ftpmessages.pas"/>
        <IsPartOfProject Value="True"/>
        <UnitName Value="ftpmessages"/>
        <CursorPos X="20" Y="114"/>
        <TopLine Value="81"/>
        <EditorIndex Value="6"/>
        <UsageCount Value="93"/>
        <Loaded Value="True"/>
      </Unit7>
      <Unit8>
        <Filename Value="..\lib\ftp\ftpfunctions.pas"/>
        <UnitName Value="ftpfunctions"/>
        <CursorPos X="17" Y="774"/>
        <TopLine Value="739"/>
        <EditorIndex Value="5"/>
        <UsageCount Value="44"/>
        <Loaded Value="True"/>
      </Unit8>
      <Unit9>
        <Filename Value="..\lib\ftp\ftpconst.pas"/>
        <IsPartOfProject Value="True"/>
        <UnitName Value="ftpconst"/>
        <CursorPos X="16" Y="78"/>
        <TopLine Value="75"/>
        <EditorIndex Value="7"/>
        <UsageCount Value="93"/>
        <Loaded Value="True"/>
      </Unit9>
      <Unit10>
        <Filename Value="..\lib\ftp\ftptype.pas"/>
        <UnitName Value="ftpconst"/>
        <CursorPos X="1" Y="1"/>
        <TopLine Value="1"/>
        <UsageCount Value="9"/>
      </Unit10>
      <Unit11>
        <Filename Value="..\lib\ftp\ftptypes.pas"/>
        <UnitName Value="ftptypes"/>
        <CursorPos X="9" Y="75"/>
        <TopLine Value="57"/>
        <EditorIndex Value="8"/>
        <UsageCount Value="45"/>
        <Loaded Value="True"/>
      </Unit11>
      <Unit12>
        <Filename Value="..\lib\synapse\synsock.pas"/>
        <UnitName Value="synsock"/>
        <CursorPos X="10" Y="56"/>
        <TopLine Value="23"/>
        <UsageCount Value="12"/>
      </Unit12>
      <Unit13>
        <Filename Value="..\..\fpc\2.2.4\source\rtl\unix\unixtype.pp"/>
        <UnitName Value="unixtype"/>
        <CursorPos X="2" Y="21"/>
        <TopLine Value="1"/>
        <UsageCount Value="10"/>
      </Unit13>
      <Unit14>
        <Filename Value="..\lib\synapse\blcksock.pas"/>
        <UnitName Value="blcksock"/>
        <CursorPos X="21" Y="1211"/>
        <TopLine Value="1199"/>
        <UsageCount Value="12"/>
      </Unit14>
      <Unit15>
        <Filename Value="..\lib\synapse\sswin32.pas"/>
        <UnitName Value="sswin32"/>
        <CursorPos X="15" Y="1503"/>
        <TopLine Value="1478"/>
        <UsageCount Value="11"/>
      </Unit15>
      <Unit16>
        <Filename Value="..\lib\synapse\ssfpc.pas"/>
        <UnitName Value="ssfpc"/>
        <CursorPos X="3" Y="91"/>
        <TopLine Value="72"/>
        <UsageCount Value="11"/>
      </Unit16>
      <Unit17>
        <Filename Value="..\lib\synapse\synautil.pas"/>
        <UnitName Value="synautil"/>
        <CursorPos X="1" Y="1"/>
        <TopLine Value="1"/>
        <UsageCount Value="11"/>
      </Unit17>
      <Unit18>
        <Filename Value="..\lib\ftp\ftpclient.pas"/>
        <IsPartOfProject Value="True"/>
        <UnitName Value="ftpclient"/>
        <CursorPos X="32" Y="452"/>
        <TopLine Value="434"/>
        <EditorIndex Value="2"/>
        <UsageCount Value="74"/>
        <Loaded Value="True"/>
      </Unit18>
      <Unit19>
        <Filename Value="..\lib\ftp\ftpfeatcmd.pas"/>
        <IsPartOfProject Value="True"/>
        <UnitName Value="ftpfeatcmd"/>
        <CursorPos X="24" Y="30"/>
        <TopLine Value="1"/>
        <UsageCount Value="57"/>
      </Unit19>
      <Unit20>
        <Filename Value="..\lib\ftp\ftpfeatcmd.inc"/>
        <CursorPos X="26" Y="17"/>
        <TopLine Value="1"/>
        <UsageCount Value="11"/>
      </Unit20>
      <Unit21>
        <Filename Value="..\lib\ftp\ftputf8cmd.inc"/>
        <CursorPos X="24" Y="23"/>
        <TopLine Value="1"/>
        <UsageCount Value="12"/>
      </Unit21>
      <Unit22>
        <Filename Value=""/>
        <UsageCount Value="10"/>
        <SyntaxHighlighter Value="None"/>
      </Unit22>
      <Unit23>
        <Filename Value="..\lib\ftp\ftpcwdcmd.inc"/>
        <CursorPos X="21" Y="15"/>
        <TopLine Value="2"/>
        <UsageCount Value="14"/>
      </Unit23>
      <Unit24>
        <Filename Value="..\lib\ftp\ftpportcmd.inc"/>
        <CursorPos X="39" Y="54"/>
        <TopLine Value="17"/>
        <UsageCount Value="14"/>
      </Unit24>
      <Unit25>
        <Filename Value="..\lib\synapse\ssl_openssl_lib.pas"/>
        <UnitName Value="ssl_openssl_lib"/>
        <CursorPos X="3" Y="856"/>
        <TopLine Value="837"/>
        <UsageCount Value="13"/>
      </Unit25>
      <Unit26>
        <Filename Value="..\lib\ftp\ftppasvcmd.inc"/>
        <CursorPos X="1" Y="48"/>
        <TopLine Value="26"/>
        <UsageCount Value="16"/>
      </Unit26>
      <Unit27>
        <Filename Value="..\lib\ftp\ftplistcmd.inc"/>
        <CursorPos X="1" Y="1"/>
        <TopLine Value="1"/>
        <UsageCount Value="16"/>
      </Unit27>
      <Unit28>
        <Filename Value="..\..\..\lazarus_32\lcl\lclproc.pas"/>
        <UnitName Value="LCLProc"/>
        <CursorPos X="1" Y="1"/>
        <TopLine Value="1"/>
        <UsageCount Value="10"/>
      </Unit28>
      <Unit29>
        <Filename Value="..\..\..\lazarus_32\lcl\fileutil.pas"/>
        <UnitName Value="FileUtil"/>
        <CursorPos X="36" Y="46"/>
        <TopLine Value="2"/>
        <UsageCount Value="12"/>
      </Unit29>
      <Unit30>
        <Filename Value="..\lib\ftp\ftpversion.pas"/>
        <UnitName Value="ftpversion"/>
        <CursorPos X="35" Y="19"/>
        <TopLine Value="1"/>
        <UsageCount Value="10"/>
      </Unit30>
      <Unit31>
        <Filename Value="..\lib\ftp\ftplistdirectory.inc"/>
        <CursorPos X="34" Y="50"/>
        <TopLine Value="39"/>
        <UsageCount Value="16"/>
      </Unit31>
      <Unit32>
        <Filename Value="..\lib\ftp\ftpunixdirectory.pas"/>
        <UnitName Value="ftpunixdirectory"/>
        <CursorPos X="66" Y="144"/>
        <TopLine Value="107"/>
        <UsageCount Value="15"/>
      </Unit32>
      <Unit33>
        <Filename Value="..\lib\ftp\ftptypecmd.inc"/>
        <CursorPos X="7" Y="24"/>
        <TopLine Value="1"/>
        <UsageCount Value="13"/>
      </Unit33>
      <Unit34>
        <Filename Value="C:\travail\lazarus\fpc\2.2.4\source\rtl\objpas\sysutils\filutilh.inc"/>
        <CursorPos X="17" Y="19"/>
        <TopLine Value="59"/>
        <UsageCount Value="10"/>
      </Unit34>
      <Unit35>
        <Filename Value="C:\travail\lazarus\fpc\2.2.4\source\rtl\inc\systemh.inc"/>
        <CursorPos X="3" Y="238"/>
        <TopLine Value="103"/>
        <UsageCount Value="11"/>
      </Unit35>
      <Unit36>
        <Filename Value="..\lib\ftp\ftpwindowsdirectory.pas"/>
        <UnitName Value="ftpwindowsdirectory"/>
        <CursorPos X="53" Y="92"/>
        <TopLine Value="55"/>
        <UsageCount Value="10"/>
      </Unit36>
      <Unit37>
        <Filename Value="..\lib\ftp\ftpmodecmd.inc"/>
        <CursorPos X="22" Y="18"/>
        <TopLine Value="1"/>
        <UsageCount Value="12"/>
      </Unit37>
      <Unit38>
        <Filename Value="..\lib\ftp\ftprestcmd.inc"/>
        <CursorPos X="5" Y="14"/>
        <TopLine Value="1"/>
        <UsageCount Value="11"/>
      </Unit38>
      <Unit39>
        <Filename Value="..\lib\ftp\ftpretrcmd.inc"/>
        <CursorPos X="39" Y="57"/>
        <TopLine Value="27"/>
        <UsageCount Value="11"/>
      </Unit39>
      <Unit40>
        <Filename Value="..\lib\ftp\ftpstorcmd.inc"/>
        <CursorPos X="13" Y="216"/>
        <TopLine Value="196"/>
        <UsageCount Value="11"/>
      </Unit40>
      <Unit41>
        <Filename Value="..\lib\ftp\ftprntocmd.inc"/>
        <CursorPos X="32" Y="43"/>
        <TopLine Value="29"/>
        <UsageCount Value="11"/>
      </Unit41>
      <Unit42>
        <Filename Value="..\lib\ftp\ftpreincmd.inc"/>
        <CursorPos X="1" Y="13"/>
        <TopLine Value="1"/>
        <EditorIndex Value="3"/>
        <UsageCount Value="11"/>
        <Loaded Value="True"/>
      </Unit42>
      <Unit43>
        <Filename Value="..\lib\ftp\ftpsizecmd.inc"/>
        <CursorPos X="13" Y="38"/>
        <TopLine Value="6"/>
        <EditorIndex Value="4"/>
        <UsageCount Value="10"/>
        <Loaded Value="True"/>
      </Unit43>
    </Units>
    <JumpHistory Count="30" HistoryIndex="29">
      <Position1>
        <Filename Value="..\lib\ftp\ftpmain.pas"/>
        <Caret Line="96" Column="15" TopLine="75"/>
      </Position1>
      <Position2>
        <Filename Value="..\lib\ftp\ftpmain.pas"/>
        <Caret Line="135" Column="22" TopLine="116"/>
      </Position2>
      <Position3>
        <Filename Value="..\lib\ftp\ftpmain.pas"/>
        <Caret Line="136" Column="42" TopLine="116"/>
      </Position3>
      <Position4>
        <Filename Value="..\lib\ftp\ftpmain.pas"/>
        <Caret Line="580" Column="70" TopLine="561"/>
      </Position4>
      <Position5>
        <Filename Value="..\lib\ftp\ftpmain.pas"/>
        <Caret Line="593" Column="45" TopLine="561"/>
      </Position5>
      <Position6>
        <Filename Value="..\lib\ftp\ftpmain.pas"/>
        <Caret Line="600" Column="43" TopLine="581"/>
      </Position6>
      <Position7>
        <Filename Value="..\lib\ftp\ftpmain.pas"/>
        <Caret Line="607" Column="45" TopLine="581"/>
      </Position7>
      <Position8>
        <Filename Value="..\lib\ftp\ftpmessages.pas"/>
        <Caret Line="71" Column="70" TopLine="55"/>
      </Position8>
      <Position9>
        <Filename Value="..\lib\ftp\ftpmessages.pas"/>
        <Caret Line="1" Column="1" TopLine="25"/>
      </Position9>
      <Position10>
        <Filename Value="..\lib\ftp\ftpclient.pas"/>
        <Caret Line="1214" Column="21" TopLine="1190"/>
      </Position10>
      <Position11>
        <Filename Value="..\lib\ftp\ftpclient.pas"/>
        <Caret Line="249" Column="19" TopLine="227"/>
      </Position11>
      <Position12>
        <Filename Value="..\lib\ftp\ftpclient.pas"/>
        <Caret Line="1564" Column="12" TopLine="1528"/>
      </Position12>
      <Position13>
        <Filename Value="..\lib\ftp\ftpclient.pas"/>
        <Caret Line="410" Column="20" TopLine="366"/>
      </Position13>
      <Position14>
        <Filename Value="..\lib\ftp\ftpclient.pas"/>
        <Caret Line="124" Column="30" TopLine="200"/>
      </Position14>
      <Position15>
        <Filename Value="..\lib\ftp\ftpclient.pas"/>
        <Caret Line="1411" Column="34" TopLine="1392"/>
      </Position15>
      <Position16>
        <Filename Value="..\lib\ftp\ftpclient.pas"/>
        <Caret Line="412" Column="37" TopLine="379"/>
      </Position16>
      <Position17>
        <Filename Value="..\lib\ftp\ftpreincmd.inc"/>
        <Caret Line="25" Column="14" TopLine="1"/>
      </Position17>
      <Position18>
        <Filename Value="..\lib\ftp\ftpclient.pas"/>
        <Caret Line="160" Column="30" TopLine="141"/>
      </Position18>
      <Position19>
        <Filename Value="..\lib\ftp\ftpclient.pas"/>
        <Caret Line="410" Column="20" TopLine="391"/>
      </Position19>
      <Position20>
        <Filename Value="..\lib\ftp\ftpreincmd.inc"/>
        <Caret Line="14" Column="17" TopLine="1"/>
      </Position20>
      <Position21>
        <Filename Value="..\lib\ftp\ftpclient.pas"/>
        <Caret Line="181" Column="33" TopLine="162"/>
      </Position21>
      <Position22>
        <Filename Value="..\lib\ftp\ftpclient.pas"/>
        <Caret Line="834" Column="27" TopLine="815"/>
      </Position22>
      <Position23>
        <Filename Value="..\lib\ftp\ftpreincmd.inc"/>
        <Caret Line="14" Column="16" TopLine="1"/>
      </Position23>
      <Position24>
        <Filename Value="..\lib\ftp\ftpclient.pas"/>
        <Caret Line="172" Column="27" TopLine="153"/>
      </Position24>
      <Position25>
        <Filename Value="..\lib\ftp\ftpsizecmd.inc"/>
        <Caret Line="1" Column="1" TopLine="1"/>
      </Position25>
      <Position26>
        <Filename Value="..\lib\ftp\ftpclient.pas"/>
        <Caret Line="811" Column="34" TopLine="810"/>
      </Position26>
      <Position27>
        <Filename Value="..\lib\ftp\ftpclient.pas"/>
        <Caret Line="1407" Column="63" TopLine="1382"/>
      </Position27>
      <Position28>
        <Filename Value="..\lib\ftp\ftpclient.pas"/>
        <Caret Line="1" Column="1" TopLine="1"/>
      </Position28>
      <Position29>
        <Filename Value="..\lib\ftp\ftpclient.pas"/>
        <Caret Line="160" Column="30" TopLine="141"/>
      </Position29>
      <Position30>
        <Filename Value="..\lib\ftp\ftpclient.pas"/>
        <Caret Line="410" Column="20" TopLine="403"/>
      </Position30>
    </JumpHistory>
  </ProjectOptions>
  <CompilerOptions>
    <Version Value="8"/>
    <PathDelim Value="\"/>
    <SearchPaths>
      <IncludeFiles Value="$(ProjOutDir)\"/>
      <OtherUnitFiles Value="..\lib\ftp\;..\lib\synapse\"/>
    </SearchPaths>
    <Parsing>
      <SyntaxOptions>
        <CStyleOperator Value="False"/>
        <AllowLabel Value="False"/>
        <CPPInline Value="False"/>
      </SyntaxOptions>
    </Parsing>
    <CodeGeneration>
      <SmartLinkUnit Value="True"/>
      <Optimizations>
        <OptimizationLevel Value="3"/>
      </Optimizations>
    </CodeGeneration>
    <Linking>
      <Debugging>
        <UseLineInfoUnit Value="False"/>
        <StripSymbols Value="True"/>
      </Debugging>
      <LinkSmart Value="True"/>
    </Linking>
    <Other>
      <WriteFPCLogo Value="False"/>
      <ConfigFile>
        <CustomConfigFile Value="True"/>
      </ConfigFile>
      <CompilerPath Value="$(CompPath)"/>
    </Other>
  </CompilerOptions>
  <Debugging>
    <Exceptions Count="3">
      <Item1>
        <Name Value="EAbort"/>
      </Item1>
      <Item2>
        <Name Value="ECodetoolError"/>
      </Item2>
      <Item3>
        <Name Value="EFOpenError"/>
      </Item3>
    </Exceptions>
  </Debugging>
</CONFIG>
